// !$*UTF8*$!
{
	archiveVersion = 1;
	classes = {
	};
	objectVersion = 55;
	objects = {

/* Begin PBXBuildFile section */
		DD468C5527432B87003BC235 /* ChildCell.swift in Sources */ = {isa = PBXBuildFile; fileRef = DD468C5427432B87003BC235 /* ChildCell.swift */; };
		DD4C20682743247900F7B4F5 /* Settings.storyboard in Resources */ = {isa = PBXBuildFile; fileRef = DD4C20672743247900F7B4F5 /* Settings.storyboard */; };
		DD79BB1C2733084000DDDD28 /* FirebaseAuth in Frameworks */ = {isa = PBXBuildFile; productRef = DD79BB1B2733084000DDDD28 /* FirebaseAuth */; };
		DD79BB1E2733084000DDDD28 /* FirebaseFirestore in Frameworks */ = {isa = PBXBuildFile; productRef = DD79BB1D2733084000DDDD28 /* FirebaseFirestore */; };
		DD79BB202733084000DDDD28 /* FirebaseFirestoreSwift-Beta in Frameworks */ = {isa = PBXBuildFile; productRef = DD79BB1F2733084000DDDD28 /* FirebaseFirestoreSwift-Beta */; };
		DD79BB2327330A7000DDDD28 /* FirebaseManagerAPI.swift in Sources */ = {isa = PBXBuildFile; fileRef = DD79BB2227330A7000DDDD28 /* FirebaseManagerAPI.swift */; };
		DD79BB25273313AF00DDDD28 /* GoogleService-Info.plist in Resources */ = {isa = PBXBuildFile; fileRef = DD79BB24273313AF00DDDD28 /* GoogleService-Info.plist */; };
		DD9A942127338577005BDABA /* MessageAlertView.swift in Sources */ = {isa = PBXBuildFile; fileRef = DD9A942027338577005BDABA /* MessageAlertView.swift */; };
		DDDA5CFA272B5E42003CE2B3 /* AppDelegate.swift in Sources */ = {isa = PBXBuildFile; fileRef = DDDA5CF9272B5E42003CE2B3 /* AppDelegate.swift */; };
		DDDA5CFC272B5E42003CE2B3 /* SceneDelegate.swift in Sources */ = {isa = PBXBuildFile; fileRef = DDDA5CFB272B5E42003CE2B3 /* SceneDelegate.swift */; };
		DDDA5D03272B5E43003CE2B3 /* Assets.xcassets in Resources */ = {isa = PBXBuildFile; fileRef = DDDA5D02272B5E43003CE2B3 /* Assets.xcassets */; };
		DDDA5D06272B5E43003CE2B3 /* LaunchScreen.storyboard in Resources */ = {isa = PBXBuildFile; fileRef = DDDA5D04272B5E43003CE2B3 /* LaunchScreen.storyboard */; };
		DDDA5D13272B5F54003CE2B3 /* Authentication.storyboard in Resources */ = {isa = PBXBuildFile; fileRef = DDDA5D12272B5F54003CE2B3 /* Authentication.storyboard */; };
		DDDA5D15272B6AD7003CE2B3 /* HomeScreen.storyboard in Resources */ = {isa = PBXBuildFile; fileRef = DDDA5D14272B6AD7003CE2B3 /* HomeScreen.storyboard */; };
		DDDA5D17272BA159003CE2B3 /* WIshList.storyboard in Resources */ = {isa = PBXBuildFile; fileRef = DDDA5D16272BA159003CE2B3 /* WIshList.storyboard */; };
		DDDA5D19272BA169003CE2B3 /* Letters.storyboard in Resources */ = {isa = PBXBuildFile; fileRef = DDDA5D18272BA169003CE2B3 /* Letters.storyboard */; };
		DDDA5D1B272C3D80003CE2B3 /* LoginVC.swift in Sources */ = {isa = PBXBuildFile; fileRef = DDDA5D1A272C3D80003CE2B3 /* LoginVC.swift */; };
		DDDA5D1D272C3D8B003CE2B3 /* SignupVC.swift in Sources */ = {isa = PBXBuildFile; fileRef = DDDA5D1C272C3D8B003CE2B3 /* SignupVC.swift */; };
		DDDA5D21272C3DAC003CE2B3 /* HomescreenVC.swift in Sources */ = {isa = PBXBuildFile; fileRef = DDDA5D20272C3DAC003CE2B3 /* HomescreenVC.swift */; };
		DDDA5D23272C3DC0003CE2B3 /* ChildProfileVC.swift in Sources */ = {isa = PBXBuildFile; fileRef = DDDA5D22272C3DC0003CE2B3 /* ChildProfileVC.swift */; };
		DDDA5D27272C3DE9003CE2B3 /* LettersTVC.swift in Sources */ = {isa = PBXBuildFile; fileRef = DDDA5D26272C3DE9003CE2B3 /* LettersTVC.swift */; };
		DDDA5D2B272C3E28003CE2B3 /* WishListTVC.swift in Sources */ = {isa = PBXBuildFile; fileRef = DDDA5D2A272C3E28003CE2B3 /* WishListTVC.swift */; };
		DDDA5D2E272C3E62003CE2B3 /* ProfileImageView.swift in Sources */ = {isa = PBXBuildFile; fileRef = DDDA5D2D272C3E62003CE2B3 /* ProfileImageView.swift */; };
		DDDA5D32272C433F003CE2B3 /* LoginPopup.xib in Resources */ = {isa = PBXBuildFile; fileRef = DDDA5D31272C433F003CE2B3 /* LoginPopup.xib */; };
		DDDA5D34272C44EC003CE2B3 /* LoginPopupView.swift in Sources */ = {isa = PBXBuildFile; fileRef = DDDA5D33272C44EC003CE2B3 /* LoginPopupView.swift */; };
/* End PBXBuildFile section */

/* Begin PBXFileReference section */
		DD468C5427432B87003BC235 /* ChildCell.swift */ = {isa = PBXFileReference; lastKnownFileType = sourcecode.swift; path = ChildCell.swift; sourceTree = "<group>"; };
		DD4C20672743247900F7B4F5 /* Settings.storyboard */ = {isa = PBXFileReference; lastKnownFileType = file.storyboard; path = Settings.storyboard; sourceTree = "<group>"; };
		DD79BB2227330A7000DDDD28 /* FirebaseManagerAPI.swift */ = {isa = PBXFileReference; lastKnownFileType = sourcecode.swift; path = FirebaseManagerAPI.swift; sourceTree = "<group>"; };
		DD79BB24273313AF00DDDD28 /* GoogleService-Info.plist */ = {isa = PBXFileReference; fileEncoding = 4; lastKnownFileType = text.plist.xml; path = "GoogleService-Info.plist"; sourceTree = "<group>"; };
		DD9A942027338577005BDABA /* MessageAlertView.swift */ = {isa = PBXFileReference; lastKnownFileType = sourcecode.swift; path = MessageAlertView.swift; sourceTree = "<group>"; };
		DDDA5CF6272B5E42003CE2B3 /* Santa I Wish.app */ = {isa = PBXFileReference; explicitFileType = wrapper.application; includeInIndex = 0; path = "Santa I Wish.app"; sourceTree = BUILT_PRODUCTS_DIR; };
		DDDA5CF9272B5E42003CE2B3 /* AppDelegate.swift */ = {isa = PBXFileReference; lastKnownFileType = sourcecode.swift; path = AppDelegate.swift; sourceTree = "<group>"; };
		DDDA5CFB272B5E42003CE2B3 /* SceneDelegate.swift */ = {isa = PBXFileReference; lastKnownFileType = sourcecode.swift; path = SceneDelegate.swift; sourceTree = "<group>"; };
		DDDA5D02272B5E43003CE2B3 /* Assets.xcassets */ = {isa = PBXFileReference; lastKnownFileType = folder.assetcatalog; path = Assets.xcassets; sourceTree = "<group>"; };
		DDDA5D05272B5E43003CE2B3 /* Base */ = {isa = PBXFileReference; lastKnownFileType = file.storyboard; name = Base; path = Base.lproj/LaunchScreen.storyboard; sourceTree = "<group>"; };
		DDDA5D07272B5E43003CE2B3 /* Info.plist */ = {isa = PBXFileReference; lastKnownFileType = text.plist.xml; path = Info.plist; sourceTree = "<group>"; };
		DDDA5D12272B5F54003CE2B3 /* Authentication.storyboard */ = {isa = PBXFileReference; lastKnownFileType = file.storyboard; path = Authentication.storyboard; sourceTree = "<group>"; };
		DDDA5D14272B6AD7003CE2B3 /* HomeScreen.storyboard */ = {isa = PBXFileReference; lastKnownFileType = file.storyboard; path = HomeScreen.storyboard; sourceTree = "<group>"; };
		DDDA5D16272BA159003CE2B3 /* WIshList.storyboard */ = {isa = PBXFileReference; lastKnownFileType = file.storyboard; path = WIshList.storyboard; sourceTree = "<group>"; };
		DDDA5D18272BA169003CE2B3 /* Letters.storyboard */ = {isa = PBXFileReference; lastKnownFileType = file.storyboard; path = Letters.storyboard; sourceTree = "<group>"; };
		DDDA5D1A272C3D80003CE2B3 /* LoginVC.swift */ = {isa = PBXFileReference; lastKnownFileType = sourcecode.swift; path = LoginVC.swift; sourceTree = "<group>"; };
		DDDA5D1C272C3D8B003CE2B3 /* SignupVC.swift */ = {isa = PBXFileReference; lastKnownFileType = sourcecode.swift; path = SignupVC.swift; sourceTree = "<group>"; };
		DDDA5D20272C3DAC003CE2B3 /* HomescreenVC.swift */ = {isa = PBXFileReference; lastKnownFileType = sourcecode.swift; path = HomescreenVC.swift; sourceTree = "<group>"; };
		DDDA5D22272C3DC0003CE2B3 /* ChildProfileVC.swift */ = {isa = PBXFileReference; lastKnownFileType = sourcecode.swift; path = ChildProfileVC.swift; sourceTree = "<group>"; };
		DDDA5D26272C3DE9003CE2B3 /* LettersTVC.swift */ = {isa = PBXFileReference; lastKnownFileType = sourcecode.swift; path = LettersTVC.swift; sourceTree = "<group>"; };
		DDDA5D2A272C3E28003CE2B3 /* WishListTVC.swift */ = {isa = PBXFileReference; lastKnownFileType = sourcecode.swift; path = WishListTVC.swift; sourceTree = "<group>"; };
		DDDA5D2D272C3E62003CE2B3 /* ProfileImageView.swift */ = {isa = PBXFileReference; lastKnownFileType = sourcecode.swift; path = ProfileImageView.swift; sourceTree = "<group>"; };
		DDDA5D31272C433F003CE2B3 /* LoginPopup.xib */ = {isa = PBXFileReference; lastKnownFileType = file.xib; path = LoginPopup.xib; sourceTree = "<group>"; };
		DDDA5D33272C44EC003CE2B3 /* LoginPopupView.swift */ = {isa = PBXFileReference; lastKnownFileType = sourcecode.swift; path = LoginPopupView.swift; sourceTree = "<group>"; };
/* End PBXFileReference section */

/* Begin PBXFrameworksBuildPhase section */
		DDDA5CF3272B5E42003CE2B3 /* Frameworks */ = {
			isa = PBXFrameworksBuildPhase;
			buildActionMask = 2147483647;
			files = (
				DD79BB202733084000DDDD28 /* FirebaseFirestoreSwift-Beta in Frameworks */,
				DD79BB1C2733084000DDDD28 /* FirebaseAuth in Frameworks */,
				DD79BB1E2733084000DDDD28 /* FirebaseFirestore in Frameworks */,
			);
			runOnlyForDeploymentPostprocessing = 0;
		};
/* End PBXFrameworksBuildPhase section */

/* Begin PBXGroup section */
		DD79BB2127330A0A00DDDD28 /* ModelController */ = {
			isa = PBXGroup;
			children = (
				DD79BB2227330A7000DDDD28 /* FirebaseManagerAPI.swift */,
			);
			path = ModelController;
			sourceTree = "<group>";
		};
		DDDA5CED272B5E42003CE2B3 = {
			isa = PBXGroup;
			children = (
				DDDA5CF8272B5E42003CE2B3 /* Santa I Wish */,
				DDDA5CF7272B5E42003CE2B3 /* Products */,
			);
			sourceTree = "<group>";
		};
		DDDA5CF7272B5E42003CE2B3 /* Products */ = {
			isa = PBXGroup;
			children = (
				DDDA5CF6272B5E42003CE2B3 /* Santa I Wish.app */,
			);
			name = Products;
			sourceTree = "<group>";
		};
		DDDA5CF8272B5E42003CE2B3 /* Santa I Wish */ = {
			isa = PBXGroup;
			children = (
				DDDA5D2C272C3E49003CE2B3 /* Views */,
				DDDA5D11272B5EAC003CE2B3 /* Storyboard */,
				DDDA5D10272B5E95003CE2B3 /* Resources */,
				DD79BB2127330A0A00DDDD28 /* ModelController */,
				DDDA5D0F272B5E89003CE2B3 /* Model */,
				DDDA5D0E272B5E82003CE2B3 /* View Controller */,
				DDDA5D0D272B5E7B003CE2B3 /* API */,
				DDDA5D02272B5E43003CE2B3 /* Assets.xcassets */,
				DDDA5D07272B5E43003CE2B3 /* Info.plist */,
			);
			path = "Santa I Wish";
			sourceTree = "<group>";
		};
		DDDA5D0D272B5E7B003CE2B3 /* API */ = {
			isa = PBXGroup;
			children = (
			);
			path = API;
			sourceTree = "<group>";
		};
		DDDA5D0E272B5E82003CE2B3 /* View Controller */ = {
			isa = PBXGroup;
			children = (
				DDDA5D1A272C3D80003CE2B3 /* LoginVC.swift */,
				DDDA5D1C272C3D8B003CE2B3 /* SignupVC.swift */,
				DDDA5D20272C3DAC003CE2B3 /* HomescreenVC.swift */,
				DDDA5D22272C3DC0003CE2B3 /* ChildProfileVC.swift */,
				DDDA5D26272C3DE9003CE2B3 /* LettersTVC.swift */,
				DDDA5D2A272C3E28003CE2B3 /* WishListTVC.swift */,
				DD468C5427432B87003BC235 /* ChildCell.swift */,
			);
			path = "View Controller";
			sourceTree = "<group>";
		};
		DDDA5D0F272B5E89003CE2B3 /* Model */ = {
			isa = PBXGroup;
			children = (
			);
			path = Model;
			sourceTree = "<group>";
		};
		DDDA5D10272B5E95003CE2B3 /* Resources */ = {
			isa = PBXGroup;
			children = (
				DD79BB24273313AF00DDDD28 /* GoogleService-Info.plist */,
				DDDA5CF9272B5E42003CE2B3 /* AppDelegate.swift */,
				DDDA5CFB272B5E42003CE2B3 /* SceneDelegate.swift */,
			);
			path = Resources;
			sourceTree = "<group>";
		};
		DDDA5D11272B5EAC003CE2B3 /* Storyboard */ = {
			isa = PBXGroup;
			children = (
				DDDA5D31272C433F003CE2B3 /* LoginPopup.xib */,
				DDDA5D04272B5E43003CE2B3 /* LaunchScreen.storyboard */,
				DDDA5D12272B5F54003CE2B3 /* Authentication.storyboard */,
				DDDA5D14272B6AD7003CE2B3 /* HomeScreen.storyboard */,
				DDDA5D16272BA159003CE2B3 /* WIshList.storyboard */,
				DDDA5D18272BA169003CE2B3 /* Letters.storyboard */,
				DD4C20672743247900F7B4F5 /* Settings.storyboard */,
			);
			path = Storyboard;
			sourceTree = "<group>";
		};
		DDDA5D2C272C3E49003CE2B3 /* Views */ = {
			isa = PBXGroup;
			children = (
				DDDA5D2D272C3E62003CE2B3 /* ProfileImageView.swift */,
				DDDA5D33272C44EC003CE2B3 /* LoginPopupView.swift */,
				DD9A942027338577005BDABA /* MessageAlertView.swift */,
			);
			path = Views;
			sourceTree = "<group>";
		};
/* End PBXGroup section */

/* Begin PBXNativeTarget section */
		DDDA5CF5272B5E42003CE2B3 /* Santa I Wish */ = {
			isa = PBXNativeTarget;
			buildConfigurationList = DDDA5D0A272B5E43003CE2B3 /* Build configuration list for PBXNativeTarget "Santa I Wish" */;
			buildPhases = (
				DDDA5CF2272B5E42003CE2B3 /* Sources */,
				DDDA5CF3272B5E42003CE2B3 /* Frameworks */,
				DDDA5CF4272B5E42003CE2B3 /* Resources */,
			);
			buildRules = (
			);
			dependencies = (
			);
			name = "Santa I Wish";
			packageProductDependencies = (
				DD79BB1B2733084000DDDD28 /* FirebaseAuth */,
				DD79BB1D2733084000DDDD28 /* FirebaseFirestore */,
				DD79BB1F2733084000DDDD28 /* FirebaseFirestoreSwift-Beta */,
			);
			productName = "Santa I Wish";
			productReference = DDDA5CF6272B5E42003CE2B3 /* Santa I Wish.app */;
			productType = "com.apple.product-type.application";
		};
/* End PBXNativeTarget section */

/* Begin PBXProject section */
		DDDA5CEE272B5E42003CE2B3 /* Project object */ = {
			isa = PBXProject;
			attributes = {
				BuildIndependentTargetsInParallel = 1;
				LastSwiftUpdateCheck = 1310;
				LastUpgradeCheck = 1310;
				TargetAttributes = {
					DDDA5CF5272B5E42003CE2B3 = {
						CreatedOnToolsVersion = 13.1;
					};
				};
			};
			buildConfigurationList = DDDA5CF1272B5E42003CE2B3 /* Build configuration list for PBXProject "Santa I Wish" */;
			compatibilityVersion = "Xcode 13.0";
			developmentRegion = en;
			hasScannedForEncodings = 0;
			knownRegions = (
				en,
				Base,
			);
			mainGroup = DDDA5CED272B5E42003CE2B3;
			packageReferences = (
				DD79BB1A2733084000DDDD28 /* XCRemoteSwiftPackageReference "firebase-ios-sdk" */,
			);
			productRefGroup = DDDA5CF7272B5E42003CE2B3 /* Products */;
			projectDirPath = "";
			projectRoot = "";
			targets = (
				DDDA5CF5272B5E42003CE2B3 /* Santa I Wish */,
			);
		};
/* End PBXProject section */

/* Begin PBXResourcesBuildPhase section */
		DDDA5CF4272B5E42003CE2B3 /* Resources */ = {
			isa = PBXResourcesBuildPhase;
			buildActionMask = 2147483647;
			files = (
				DDDA5D13272B5F54003CE2B3 /* Authentication.storyboard in Resources */,
				DD79BB25273313AF00DDDD28 /* GoogleService-Info.plist in Resources */,
				DDDA5D15272B6AD7003CE2B3 /* HomeScreen.storyboard in Resources */,
				DDDA5D19272BA169003CE2B3 /* Letters.storyboard in Resources */,
				DDDA5D06272B5E43003CE2B3 /* LaunchScreen.storyboard in Resources */,
				DDDA5D32272C433F003CE2B3 /* LoginPopup.xib in Resources */,
				DD4C20682743247900F7B4F5 /* Settings.storyboard in Resources */,
				DDDA5D17272BA159003CE2B3 /* WIshList.storyboard in Resources */,
				DDDA5D03272B5E43003CE2B3 /* Assets.xcassets in Resources */,
			);
			runOnlyForDeploymentPostprocessing = 0;
		};
/* End PBXResourcesBuildPhase section */

/* Begin PBXSourcesBuildPhase section */
		DDDA5CF2272B5E42003CE2B3 /* Sources */ = {
			isa = PBXSourcesBuildPhase;
			buildActionMask = 2147483647;
			files = (
				DDDA5D2B272C3E28003CE2B3 /* WishListTVC.swift in Sources */,
				DD9A942127338577005BDABA /* MessageAlertView.swift in Sources */,
				DDDA5D1D272C3D8B003CE2B3 /* SignupVC.swift in Sources */,
				DDDA5D23272C3DC0003CE2B3 /* ChildProfileVC.swift in Sources */,
				DDDA5CFA272B5E42003CE2B3 /* AppDelegate.swift in Sources */,
				DDDA5D27272C3DE9003CE2B3 /* LettersTVC.swift in Sources */,
				DDDA5D34272C44EC003CE2B3 /* LoginPopupView.swift in Sources */,
				DDDA5D21272C3DAC003CE2B3 /* HomescreenVC.swift in Sources */,
				DDDA5D2E272C3E62003CE2B3 /* ProfileImageView.swift in Sources */,
				DD468C5527432B87003BC235 /* ChildCell.swift in Sources */,
				DDDA5D1B272C3D80003CE2B3 /* LoginVC.swift in Sources */,
				DD79BB2327330A7000DDDD28 /* FirebaseManagerAPI.swift in Sources */,
				DDDA5CFC272B5E42003CE2B3 /* SceneDelegate.swift in Sources */,
			);
			runOnlyForDeploymentPostprocessing = 0;
		};
/* End PBXSourcesBuildPhase section */

/* Begin PBXVariantGroup section */
		DDDA5D04272B5E43003CE2B3 /* LaunchScreen.storyboard */ = {
			isa = PBXVariantGroup;
			children = (
				DDDA5D05272B5E43003CE2B3 /* Base */,
			);
			name = LaunchScreen.storyboard;
			sourceTree = "<group>";
		};
/* End PBXVariantGroup section */

/* Begin XCBuildConfiguration section */
		DDDA5D08272B5E43003CE2B3 /* Debug */ = {
			isa = XCBuildConfiguration;
			buildSettings = {
				ALWAYS_SEARCH_USER_PATHS = NO;
				CLANG_ANALYZER_NONNULL = YES;
				CLANG_ANALYZER_NUMBER_OBJECT_CONVERSION = YES_AGGRESSIVE;
				CLANG_CXX_LANGUAGE_STANDARD = "gnu++17";
				CLANG_CXX_LIBRARY = "libc++";
				CLANG_ENABLE_MODULES = YES;
				CLANG_ENABLE_OBJC_ARC = YES;
				CLANG_ENABLE_OBJC_WEAK = YES;
				CLANG_WARN_BLOCK_CAPTURE_AUTORELEASING = YES;
				CLANG_WARN_BOOL_CONVERSION = YES;
				CLANG_WARN_COMMA = YES;
				CLANG_WARN_CONSTANT_CONVERSION = YES;
				CLANG_WARN_DEPRECATED_OBJC_IMPLEMENTATIONS = YES;
				CLANG_WARN_DIRECT_OBJC_ISA_USAGE = YES_ERROR;
				CLANG_WARN_DOCUMENTATION_COMMENTS = YES;
				CLANG_WARN_EMPTY_BODY = YES;
				CLANG_WARN_ENUM_CONVERSION = YES;
				CLANG_WARN_INFINITE_RECURSION = YES;
				CLANG_WARN_INT_CONVERSION = YES;
				CLANG_WARN_NON_LITERAL_NULL_CONVERSION = YES;
				CLANG_WARN_OBJC_IMPLICIT_RETAIN_SELF = YES;
				CLANG_WARN_OBJC_LITERAL_CONVERSION = YES;
				CLANG_WARN_OBJC_ROOT_CLASS = YES_ERROR;
				CLANG_WARN_QUOTED_INCLUDE_IN_FRAMEWORK_HEADER = YES;
				CLANG_WARN_RANGE_LOOP_ANALYSIS = YES;
				CLANG_WARN_STRICT_PROTOTYPES = YES;
				CLANG_WARN_SUSPICIOUS_MOVE = YES;
				CLANG_WARN_UNGUARDED_AVAILABILITY = YES_AGGRESSIVE;
				CLANG_WARN_UNREACHABLE_CODE = YES;
				CLANG_WARN__DUPLICATE_METHOD_MATCH = YES;
				COPY_PHASE_STRIP = NO;
				DEBUG_INFORMATION_FORMAT = dwarf;
				ENABLE_STRICT_OBJC_MSGSEND = YES;
				ENABLE_TESTABILITY = YES;
				GCC_C_LANGUAGE_STANDARD = gnu11;
				GCC_DYNAMIC_NO_PIC = NO;
				GCC_NO_COMMON_BLOCKS = YES;
				GCC_OPTIMIZATION_LEVEL = 0;
				GCC_PREPROCESSOR_DEFINITIONS = (
					"DEBUG=1",
					"$(inherited)",
				);
				GCC_WARN_64_TO_32_BIT_CONVERSION = YES;
				GCC_WARN_ABOUT_RETURN_TYPE = YES_ERROR;
				GCC_WARN_UNDECLARED_SELECTOR = YES;
				GCC_WARN_UNINITIALIZED_AUTOS = YES_AGGRESSIVE;
				GCC_WARN_UNUSED_FUNCTION = YES;
				GCC_WARN_UNUSED_VARIABLE = YES;
				IPHONEOS_DEPLOYMENT_TARGET = 15.0;
				MTL_ENABLE_DEBUG_INFO = INCLUDE_SOURCE;
				MTL_FAST_MATH = YES;
				ONLY_ACTIVE_ARCH = YES;
				SDKROOT = iphoneos;
				SWIFT_ACTIVE_COMPILATION_CONDITIONS = DEBUG;
				SWIFT_OPTIMIZATION_LEVEL = "-Onone";
			};
			name = Debug;
		};
		DDDA5D09272B5E43003CE2B3 /* Release */ = {
			isa = XCBuildConfiguration;
			buildSettings = {
				ALWAYS_SEARCH_USER_PATHS = NO;
				CLANG_ANALYZER_NONNULL = YES;
				CLANG_ANALYZER_NUMBER_OBJECT_CONVERSION = YES_AGGRESSIVE;
				CLANG_CXX_LANGUAGE_STANDARD = "gnu++17";
				CLANG_CXX_LIBRARY = "libc++";
				CLANG_ENABLE_MODULES = YES;
				CLANG_ENABLE_OBJC_ARC = YES;
				CLANG_ENABLE_OBJC_WEAK = YES;
				CLANG_WARN_BLOCK_CAPTURE_AUTORELEASING = YES;
				CLANG_WARN_BOOL_CONVERSION = YES;
				CLANG_WARN_COMMA = YES;
				CLANG_WARN_CONSTANT_CONVERSION = YES;
				CLANG_WARN_DEPRECATED_OBJC_IMPLEMENTATIONS = YES;
				CLANG_WARN_DIRECT_OBJC_ISA_USAGE = YES_ERROR;
				CLANG_WARN_DOCUMENTATION_COMMENTS = YES;
				CLANG_WARN_EMPTY_BODY = YES;
				CLANG_WARN_ENUM_CONVERSION = YES;
				CLANG_WARN_INFINITE_RECURSION = YES;
				CLANG_WARN_INT_CONVERSION = YES;
				CLANG_WARN_NON_LITERAL_NULL_CONVERSION = YES;
				CLANG_WARN_OBJC_IMPLICIT_RETAIN_SELF = YES;
				CLANG_WARN_OBJC_LITERAL_CONVERSION = YES;
				CLANG_WARN_OBJC_ROOT_CLASS = YES_ERROR;
				CLANG_WARN_QUOTED_INCLUDE_IN_FRAMEWORK_HEADER = YES;
				CLANG_WARN_RANGE_LOOP_ANALYSIS = YES;
				CLANG_WARN_STRICT_PROTOTYPES = YES;
				CLANG_WARN_SUSPICIOUS_MOVE = YES;
				CLANG_WARN_UNGUARDED_AVAILABILITY = YES_AGGRESSIVE;
				CLANG_WARN_UNREACHABLE_CODE = YES;
				CLANG_WARN__DUPLICATE_METHOD_MATCH = YES;
				COPY_PHASE_STRIP = NO;
				DEBUG_INFORMATION_FORMAT = "dwarf-with-dsym";
				ENABLE_NS_ASSERTIONS = NO;
				ENABLE_STRICT_OBJC_MSGSEND = YES;
				GCC_C_LANGUAGE_STANDARD = gnu11;
				GCC_NO_COMMON_BLOCKS = YES;
				GCC_WARN_64_TO_32_BIT_CONVERSION = YES;
				GCC_WARN_ABOUT_RETURN_TYPE = YES_ERROR;
				GCC_WARN_UNDECLARED_SELECTOR = YES;
				GCC_WARN_UNINITIALIZED_AUTOS = YES_AGGRESSIVE;
				GCC_WARN_UNUSED_FUNCTION = YES;
				GCC_WARN_UNUSED_VARIABLE = YES;
				IPHONEOS_DEPLOYMENT_TARGET = 15.0;
				MTL_ENABLE_DEBUG_INFO = NO;
				MTL_FAST_MATH = YES;
				SDKROOT = iphoneos;
				SWIFT_COMPILATION_MODE = wholemodule;
				SWIFT_OPTIMIZATION_LEVEL = "-O";
				VALIDATE_PRODUCT = YES;
			};
			name = Release;
		};
		DDDA5D0B272B5E43003CE2B3 /* Debug */ = {
			isa = XCBuildConfiguration;
			buildSettings = {
				ASSETCATALOG_COMPILER_APPICON_NAME = AppIcon;
				ASSETCATALOG_COMPILER_GLOBAL_ACCENT_COLOR_NAME = AccentColor;
				CODE_SIGN_STYLE = Automatic;
				CURRENT_PROJECT_VERSION = 1;
				DEVELOPMENT_TEAM = HG3WUJ8982;
				GENERATE_INFOPLIST_FILE = YES;
				INFOPLIST_FILE = "Santa I Wish/Info.plist";
				INFOPLIST_KEY_UIApplicationSupportsIndirectInputEvents = YES;
				INFOPLIST_KEY_UILaunchStoryboardName = LaunchScreen;
				INFOPLIST_KEY_UIMainStoryboardFile = Authentication;
				INFOPLIST_KEY_UISupportedInterfaceOrientations_iPad = "UIInterfaceOrientationPortrait UIInterfaceOrientationPortraitUpsideDown UIInterfaceOrientationLandscapeLeft UIInterfaceOrientationLandscapeRight";
				INFOPLIST_KEY_UISupportedInterfaceOrientations_iPhone = "UIInterfaceOrientationPortrait UIInterfaceOrientationLandscapeLeft UIInterfaceOrientationLandscapeRight";
				LD_RUNPATH_SEARCH_PATHS = (
					"$(inherited)",
					"@executable_path/Frameworks",
				);
				MARKETING_VERSION = 1.0;
				PRODUCT_BUNDLE_IDENTIFIER = "com.BrianVilchez.Santa-I-Wish";
				PRODUCT_NAME = "$(TARGET_NAME)";
				SWIFT_EMIT_LOC_STRINGS = YES;
				SWIFT_VERSION = 5.0;
				TARGETED_DEVICE_FAMILY = "1,2";
			};
			name = Debug;
		};
		DDDA5D0C272B5E43003CE2B3 /* Release */ = {
			isa = XCBuildConfiguration;
			buildSettings = {
				ASSETCATALOG_COMPILER_APPICON_NAME = AppIcon;
				ASSETCATALOG_COMPILER_GLOBAL_ACCENT_COLOR_NAME = AccentColor;
				CODE_SIGN_STYLE = Automatic;
				CURRENT_PROJECT_VERSION = 1;
				DEVELOPMENT_TEAM = HG3WUJ8982;
				GENERATE_INFOPLIST_FILE = YES;
				INFOPLIST_FILE = "Santa I Wish/Info.plist";
				INFOPLIST_KEY_UIApplicationSupportsIndirectInputEvents = YES;
				INFOPLIST_KEY_UILaunchStoryboardName = LaunchScreen;
				INFOPLIST_KEY_UIMainStoryboardFile = Authentication;
				INFOPLIST_KEY_UISupportedInterfaceOrientations_iPad = "UIInterfaceOrientationPortrait UIInterfaceOrientationPortraitUpsideDown UIInterfaceOrientationLandscapeLeft UIInterfaceOrientationLandscapeRight";
				INFOPLIST_KEY_UISupportedInterfaceOrientations_iPhone = "UIInterfaceOrientationPortrait UIInterfaceOrientationLandscapeLeft UIInterfaceOrientationLandscapeRight";
				LD_RUNPATH_SEARCH_PATHS = (
					"$(inherited)",
					"@executable_path/Frameworks",
				);
				MARKETING_VERSION = 1.0;
				PRODUCT_BUNDLE_IDENTIFIER = "com.BrianVilchez.Santa-I-Wish";
				PRODUCT_NAME = "$(TARGET_NAME)";
				SWIFT_EMIT_LOC_STRINGS = YES;
				SWIFT_VERSION = 5.0;
				TARGETED_DEVICE_FAMILY = "1,2";
			};
			name = Release;
		};
/* End XCBuildConfiguration section */

/* Begin XCConfigurationList section */
		DDDA5CF1272B5E42003CE2B3 /* Build configuration list for PBXProject "Santa I Wish" */ = {
			isa = XCConfigurationList;
			buildConfigurations = (
				DDDA5D08272B5E43003CE2B3 /* Debug */,
				DDDA5D09272B5E43003CE2B3 /* Release */,
			);
			defaultConfigurationIsVisible = 0;
			defaultConfigurationName = Release;
		};
		DDDA5D0A272B5E43003CE2B3 /* Build configuration list for PBXNativeTarget "Santa I Wish" */ = {
			isa = XCConfigurationList;
			buildConfigurations = (
				DDDA5D0B272B5E43003CE2B3 /* Debug */,
				DDDA5D0C272B5E43003CE2B3 /* Release */,
			);
			defaultConfigurationIsVisible = 0;
			defaultConfigurationName = Release;
		};
/* End XCConfigurationList section */

/* Begin XCRemoteSwiftPackageReference section */
		DD79BB1A2733084000DDDD28 /* XCRemoteSwiftPackageReference "firebase-ios-sdk" */ = {
			isa = XCRemoteSwiftPackageReference;
			repositoryURL = "https://github.com/firebase/firebase-ios-sdk.git";
			requirement = {
				kind = upToNextMajorVersion;
				minimumVersion = 8.0.0;
			};
		};
/* End XCRemoteSwiftPackageReference section */

/* Begin XCSwiftPackageProductDependency section */
		DD79BB1B2733084000DDDD28 /* FirebaseAuth */ = {
			isa = XCSwiftPackageProductDependency;
			package = DD79BB1A2733084000DDDD28 /* XCRemoteSwiftPackageReference "firebase-ios-sdk" */;
			productName = FirebaseAuth;
		};
		DD79BB1D2733084000DDDD28 /* FirebaseFirestore */ = {
			isa = XCSwiftPackageProductDependency;
			package = DD79BB1A2733084000DDDD28 /* XCRemoteSwiftPackageReference "firebase-ios-sdk" */;
			productName = FirebaseFirestore;
		};
		DD79BB1F2733084000DDDD28 /* FirebaseFirestoreSwift-Beta */ = {
			isa = XCSwiftPackageProductDependency;
			package = DD79BB1A2733084000DDDD28 /* XCRemoteSwiftPackageReference "firebase-ios-sdk" */;
			productName = "FirebaseFirestoreSwift-Beta";
		};
/* End XCSwiftPackageProductDependency section */
	};
	rootObject = DDDA5CEE272B5E42003CE2B3 /* Project object */;
}
